
Microsoft Visual Studio Solution File, Format Version 12.00
# Visual Studio 15
VisualStudioVersion = 15.0.28010.2026
MinimumVisualStudioVersion = 10.0.40219.1
Project("{FAE04EC0-301F-11D3-BF4B-00C04F79EFBC}") = "JollyPirate", "JollyPirate\JollyPirate.csproj", "{CF9D16BC-4AC3-427E-B341-0CA7D05B40D4}"
EndProject
Global
	GlobalSection(SolutionConfigurationPlatforms) = preSolution
		Debug|Any CPU = Debug|Any CPU
		Release|Any CPU = Release|Any CPU
	EndGlobalSection
	GlobalSection(ProjectConfigurationPlatforms) = postSolution
		{CF9D16BC-4AC3-427E-B341-0CA7D05B40D4}.Debug|Any CPU.ActiveCfg = Debug|Any CPU
		{CF9D16BC-4AC3-427E-B341-0CA7D05B40D4}.Debug|Any CPU.Build.0 = Debug|Any CPU
		{CF9D16BC-4AC3-427E-B341-0CA7D05B40D4}.Release|Any CPU.ActiveCfg = Release|Any CPU
		{CF9D16BC-4AC3-427E-B341-0CA7D05B40D4}.Release|Any CPU.Build.0 = Release|Any CPU
	EndGlobalSection
	GlobalSection(SolutionProperties) = preSolution
		HideSolutionNode = FALSE
	EndGlobalSection
	GlobalSection(ExtensibilityGlobals) = postSolution
		SolutionGuid = {6F5849B5-600E-450D-B229-3C70395F3EE7}
	EndGlobalSection
EndGlobal
